
Microsoft Visual Studio Solution File, Format Version 12.00
# Visual Studio Version 17
VisualStudioVersion = 17.4.33403.182
MinimumVisualStudioVersion = 10.0.40219.1
Project("{9A19103F-16F7-4668-BE54-9A1E7A4F7556}") = "APICruDTO", "APICruDTO.csproj", "{C5524EF3-7129-405A-9F56-9B0597034D1A}"
EndProject
Global
	GlobalSection(SolutionConfigurationPlatforms) = preSolution
		Debug|Any CPU = Debug|Any CPU
		Release|Any CPU = Release|Any CPU
	EndGlobalSection
	GlobalSection(ProjectConfigurationPlatforms) = postSolution
		{C5524EF3-7129-405A-9F56-9B0597034D1A}.Debug|Any CPU.ActiveCfg = Debug|Any CPU
		{C5524EF3-7129-405A-9F56-9B0597034D1A}.Debug|Any CPU.Build.0 = Debug|Any CPU
		{C5524EF3-7129-405A-9F56-9B0597034D1A}.Release|Any CPU.ActiveCfg = Release|Any CPU
		{C5524EF3-7129-405A-9F56-9B0597034D1A}.Release|Any CPU.Build.0 = Release|Any CPU
	EndGlobalSection
	GlobalSection(SolutionProperties) = preSolution
		HideSolutionNode = FALSE
	EndGlobalSection
	GlobalSection(ExtensibilityGlobals) = postSolution
		SolutionGuid = {FF5F4C22-37C2-4A89-98EB-E5E69DAF21E2}
	EndGlobalSection
EndGlobal
